
Microsoft Visual Studio Solution File, Format Version 12.00
# Visual Studio Version 17
VisualStudioVersion = 17.11.35431.28
MinimumVisualStudioVersion = 10.0.40219.1
Project("{FAE04EC0-301F-11D3-BF4B-00C04F79EFBC}") = "lab13sem32", "lab13sem32\lab13sem32.csproj", "{87D6C58D-F102-46C4-8C1D-53C531DFF047}"
EndProject
Global
	GlobalSection(SolutionConfigurationPlatforms) = preSolution
		Debug|Any CPU = Debug|Any CPU
		Release|Any CPU = Release|Any CPU
	EndGlobalSection
	GlobalSection(ProjectConfigurationPlatforms) = postSolution
		{87D6C58D-F102-46C4-8C1D-53C531DFF047}.Debug|Any CPU.ActiveCfg = Debug|Any CPU
		{87D6C58D-F102-46C4-8C1D-53C531DFF047}.Debug|Any CPU.Build.0 = Debug|Any CPU
		{87D6C58D-F102-46C4-8C1D-53C531DFF047}.Debug|Any CPU.Deploy.0 = Debug|Any CPU
		{87D6C58D-F102-46C4-8C1D-53C531DFF047}.Release|Any CPU.ActiveCfg = Release|Any CPU
		{87D6C58D-F102-46C4-8C1D-53C531DFF047}.Release|Any CPU.Build.0 = Release|Any CPU
		{87D6C58D-F102-46C4-8C1D-53C531DFF047}.Release|Any CPU.Deploy.0 = Release|Any CPU
	EndGlobalSection
	GlobalSection(SolutionProperties) = preSolution
		HideSolutionNode = FALSE
	EndGlobalSection
	GlobalSection(ExtensibilityGlobals) = postSolution
		SolutionGuid = {EFEE0468-9FE7-446B-8624-3ECA84181019}
	EndGlobalSection
EndGlobal
